
Microsoft Visual Studio Solution File, Format Version 12.00
# Visual Studio Version 16
VisualStudioVersion = 16.0.31911.196
MinimumVisualStudioVersion = 10.0.40219.1
Project("{FAE04EC0-301F-11D3-BF4B-00C04F79EFBC}") = "Navigateur web-version 2", "Navigateur web-version 2\Navigateur web-version 2.csproj", "{00C3904E-709C-4102-A11D-D51D7D0A5F08}"
EndProject
Global
	GlobalSection(SolutionConfigurationPlatforms) = preSolution
		Debug|Any CPU = Debug|Any CPU
		Release|Any CPU = Release|Any CPU
	EndGlobalSection
	GlobalSection(ProjectConfigurationPlatforms) = postSolution
		{00C3904E-709C-4102-A11D-D51D7D0A5F08}.Debug|Any CPU.ActiveCfg = Debug|Any CPU
		{00C3904E-709C-4102-A11D-D51D7D0A5F08}.Debug|Any CPU.Build.0 = Debug|Any CPU
		{00C3904E-709C-4102-A11D-D51D7D0A5F08}.Release|Any CPU.ActiveCfg = Release|Any CPU
		{00C3904E-709C-4102-A11D-D51D7D0A5F08}.Release|Any CPU.Build.0 = Release|Any CPU
	EndGlobalSection
	GlobalSection(SolutionProperties) = preSolution
		HideSolutionNode = FALSE
	EndGlobalSection
	GlobalSection(ExtensibilityGlobals) = postSolution
		SolutionGuid = {1108D0DA-8A82-4860-AF0C-0F5AD91025EA}
	EndGlobalSection
EndGlobal
